
Microsoft Visual Studio Solution File, Format Version 12.00
# Visual Studio 15
VisualStudioVersion = 15.0.26124.0
MinimumVisualStudioVersion = 15.0.26124.0
Project("{2150E333-8FDC-42A3-9474-1A3956D46DE8}") = "src", "src", "{5DF0FF84-DEC5-4391-8D51-72C0E3EEE15A}"
EndProject
Project("{FAE04EC0-301F-11D3-BF4B-00C04F79EFBC}") = "dotnet-decode-jwt", "src\dotnet-decode-jwt\dotnet-decode-jwt.csproj", "{9633B22D-A3EC-42B7-BC30-376C7B6B3CD8}"
EndProject
Project("{2150E333-8FDC-42A3-9474-1A3956D46DE8}") = "tests", "tests", "{2D23523A-56E4-4EE2-8DDF-88063A69E694}"
EndProject
Project("{FAE04EC0-301F-11D3-BF4B-00C04F79EFBC}") = "dotnet-decode-jwt-tests", "tests\dotnet-decode-jwt-tests\dotnet-decode-jwt-tests.csproj", "{8309B1A9-B0E2-475D-B513-2D1B61A6BD04}"
EndProject
Project("{9A19103F-16F7-4668-BE54-9A1E7A4F7556}") = "_build", "build\_build.csproj", "{EDF94C9D-AAFD-49A4-A050-760A730C85B1}"
EndProject
Global
	GlobalSection(SolutionConfigurationPlatforms) = preSolution
		Debug|Any CPU = Debug|Any CPU
		Debug|x64 = Debug|x64
		Debug|x86 = Debug|x86
		Release|Any CPU = Release|Any CPU
		Release|x64 = Release|x64
		Release|x86 = Release|x86
	EndGlobalSection
	GlobalSection(SolutionProperties) = preSolution
		HideSolutionNode = FALSE
	EndGlobalSection
	GlobalSection(ProjectConfigurationPlatforms) = postSolution
		{EDF94C9D-AAFD-49A4-A050-760A730C85B1}.Debug|Any CPU.ActiveCfg = Debug|Any CPU
		{EDF94C9D-AAFD-49A4-A050-760A730C85B1}.Release|Any CPU.ActiveCfg = Release|Any CPU
		{9633B22D-A3EC-42B7-BC30-376C7B6B3CD8}.Debug|Any CPU.ActiveCfg = Debug|Any CPU
		{9633B22D-A3EC-42B7-BC30-376C7B6B3CD8}.Debug|Any CPU.Build.0 = Debug|Any CPU
		{9633B22D-A3EC-42B7-BC30-376C7B6B3CD8}.Debug|x64.ActiveCfg = Debug|Any CPU
		{9633B22D-A3EC-42B7-BC30-376C7B6B3CD8}.Debug|x64.Build.0 = Debug|Any CPU
		{9633B22D-A3EC-42B7-BC30-376C7B6B3CD8}.Debug|x86.ActiveCfg = Debug|Any CPU
		{9633B22D-A3EC-42B7-BC30-376C7B6B3CD8}.Debug|x86.Build.0 = Debug|Any CPU
		{9633B22D-A3EC-42B7-BC30-376C7B6B3CD8}.Release|Any CPU.ActiveCfg = Release|Any CPU
		{9633B22D-A3EC-42B7-BC30-376C7B6B3CD8}.Release|Any CPU.Build.0 = Release|Any CPU
		{9633B22D-A3EC-42B7-BC30-376C7B6B3CD8}.Release|x64.ActiveCfg = Release|Any CPU
		{9633B22D-A3EC-42B7-BC30-376C7B6B3CD8}.Release|x64.Build.0 = Release|Any CPU
		{9633B22D-A3EC-42B7-BC30-376C7B6B3CD8}.Release|x86.ActiveCfg = Release|Any CPU
		{9633B22D-A3EC-42B7-BC30-376C7B6B3CD8}.Release|x86.Build.0 = Release|Any CPU
		{8309B1A9-B0E2-475D-B513-2D1B61A6BD04}.Debug|Any CPU.ActiveCfg = Debug|Any CPU
		{8309B1A9-B0E2-475D-B513-2D1B61A6BD04}.Debug|Any CPU.Build.0 = Debug|Any CPU
		{8309B1A9-B0E2-475D-B513-2D1B61A6BD04}.Debug|x64.ActiveCfg = Debug|Any CPU
		{8309B1A9-B0E2-475D-B513-2D1B61A6BD04}.Debug|x64.Build.0 = Debug|Any CPU
		{8309B1A9-B0E2-475D-B513-2D1B61A6BD04}.Debug|x86.ActiveCfg = Debug|Any CPU
		{8309B1A9-B0E2-475D-B513-2D1B61A6BD04}.Debug|x86.Build.0 = Debug|Any CPU
		{8309B1A9-B0E2-475D-B513-2D1B61A6BD04}.Release|Any CPU.ActiveCfg = Release|Any CPU
		{8309B1A9-B0E2-475D-B513-2D1B61A6BD04}.Release|Any CPU.Build.0 = Release|Any CPU
		{8309B1A9-B0E2-475D-B513-2D1B61A6BD04}.Release|x64.ActiveCfg = Release|Any CPU
		{8309B1A9-B0E2-475D-B513-2D1B61A6BD04}.Release|x64.Build.0 = Release|Any CPU
		{8309B1A9-B0E2-475D-B513-2D1B61A6BD04}.Release|x86.ActiveCfg = Release|Any CPU
		{8309B1A9-B0E2-475D-B513-2D1B61A6BD04}.Release|x86.Build.0 = Release|Any CPU
	EndGlobalSection
	GlobalSection(NestedProjects) = preSolution
		{9633B22D-A3EC-42B7-BC30-376C7B6B3CD8} = {5DF0FF84-DEC5-4391-8D51-72C0E3EEE15A}
		{8309B1A9-B0E2-475D-B513-2D1B61A6BD04} = {2D23523A-56E4-4EE2-8DDF-88063A69E694}
	EndGlobalSection
EndGlobal
